version = 1
revision = 2
requires-python = ">=3.12"

[[package]]
name = "feedparser"
version = "6.0.12"
source = { registry = "https://pypi.org/simple" }
dependencies = [
    { name = "sgmllib3k" },
]
sdist = { url = "https://files.pythonhosted.org/packages/dc/79/db7edb5e77d6dfbc54d7d9df72828be4318275b2e580549ff45a962f6461/feedparser-6.0.12.tar.gz", hash = "sha256:64f76ce90ae3e8ef5d1ede0f8d3b50ce26bcce71dd8ae5e82b1cd2d4a5f94228", size = 286579, upload-time = "2025-09-10T13:33:59.486Z" }
wheels = [
    { url = "https://files.pythonhosted.org/packages/4e/eb/c96d64137e29ae17d83ad2552470bafe3a7a915e85434d9942077d7fd011/feedparser-6.0.12-py3-none-any.whl", hash = "sha256:6bbff10f5a52662c00a2e3f86a38928c37c48f77b3c511aedcd51de933549324", size = 81480, upload-time = "2025-09-10T13:33:58.022Z" },
]

[[package]]
name = "sgmllib3k"
version = "1.0.0"
source = { registry = "https://pypi.org/simple" }
sdist = { url = "https://files.pythonhosted.org/packages/9e/bd/3704a8c3e0942d711c1299ebf7b9091930adae6675d7c8f476a7ce48653c/sgmllib3k-1.0.0.tar.gz", hash = "sha256:7868fb1c8bfa764c1ac563d3cf369c381d1325d36124933a726f29fcdaa812e9", size = 5750, upload-time = "2010-08-24T14:33:52.445Z" }

[[package]]
name = "youtubestock"
version = "0.1.0"
source = { editable = "." }
dependencies = [
    { name = "feedparser" },
    { name = "yt-dlp" },
]

[package.metadata]
requires-dist = [
    { name = "feedparser", specifier = ">=6.0.0" },
    { name = "yt-dlp", specifier = ">=2024.12.0" },
]

[[package]]
name = "yt-dlp"
version = "2026.2.4"
source = { registry = "https://pypi.org/simple" }
sdist = { url = "https://files.pythonhosted.org/packages/16/be/8e099f3f34bac6851490525fb1a8b62d525a95fcb5af082e8c52ba884fb5/yt_dlp-2026.2.4.tar.gz", hash = "sha256:24733ef081116f29d8ee6eae7a48127101e6c56eb7aa228dd604a60654760022", size = 3100305, upload-time = "2026-02-04T00:49:27.043Z" }
wheels = [
    { url = "https://files.pythonhosted.org/packages/96/38/b17cbeaf6712a4c1b97f7f9ec3a55f3a8ddee678cc88742af47dca0315b7/yt_dlp-2026.2.4-py3-none-any.whl", hash = "sha256:d6ea83257e8127a0097b1d37ee36201f99a292067e4616b2e5d51ab153b3dbb9", size = 3299165, upload-time = "2026-02-04T00:49:25.31Z" },
]
